
Microsoft Visual Studio Solution File, Format Version 12.00
# Visual Studio 2013
VisualStudioVersion = 12.0.21005.1
MinimumVisualStudioVersion = 10.0.40219.1
Project("{FAE04EC0-301F-11D3-BF4B-00C04F79EFBC}") = "_2048_Grafos", "2048\_2048_Grafos.csproj", "{827C386E-6AD7-4961-95B0-060CFA0F27F8}"
EndProject
Global
	GlobalSection(TeamFoundationVersionControl) = preSolution
		SccNumberOfProjects = 2
		SccEnterpriseProvider = {4CA58AB2-18FA-4F8D-95D4-32DDF27D184C}
		SccTeamFoundationServer = https://matheusediley.visualstudio.com/defaultcollection
		SccLocalPath0 = .
		SccProjectUniqueName1 = 2048\\_2048_Grafos.csproj
		SccProjectName1 = 2048
		SccLocalPath1 = 2048
	EndGlobalSection
	GlobalSection(SolutionConfigurationPlatforms) = preSolution
		Debug|x86 = Debug|x86
		Release|x86 = Release|x86
	EndGlobalSection
	GlobalSection(ProjectConfigurationPlatforms) = postSolution
		{827C386E-6AD7-4961-95B0-060CFA0F27F8}.Debug|x86.ActiveCfg = Debug|x86
		{827C386E-6AD7-4961-95B0-060CFA0F27F8}.Debug|x86.Build.0 = Debug|x86
		{827C386E-6AD7-4961-95B0-060CFA0F27F8}.Release|x86.ActiveCfg = Release|x86
		{827C386E-6AD7-4961-95B0-060CFA0F27F8}.Release|x86.Build.0 = Release|x86
	EndGlobalSection
	GlobalSection(SolutionProperties) = preSolution
		HideSolutionNode = FALSE
	EndGlobalSection
EndGlobal
